// !$*UTF8*$!
{
	archiveVersion = 1;
	classes = {
	};
	objectVersion = 50;
	objects = {

/* Begin PBXBuildFile section */
		BBEDB0172447BCC800607B6E /* AppDelegate.swift in Sources */ = {isa = PBXBuildFile; fileRef = BBEDB0162447BCC800607B6E /* AppDelegate.swift */; };
		BBEDB0192447BCC800607B6E /* SceneDelegate.swift in Sources */ = {isa = PBXBuildFile; fileRef = BBEDB0182447BCC800607B6E /* SceneDelegate.swift */; };
		BBEDB01B2447BCC800607B6E /* ViewController.swift in Sources */ = {isa = PBXBuildFile; fileRef = BBEDB01A2447BCC800607B6E /* ViewController.swift */; };
		BBEDB01E2447BCC800607B6E /* Main.storyboard in Resources */ = {isa = PBXBuildFile; fileRef = BBEDB01C2447BCC800607B6E /* Main.storyboard */; };
		BBEDB0202447BCCA00607B6E /* Assets.xcassets in Resources */ = {isa = PBXBuildFile; fileRef = BBEDB01F2447BCCA00607B6E /* Assets.xcassets */; };
		BBEDB0232447BCCA00607B6E /* LaunchScreen.storyboard in Resources */ = {isa = PBXBuildFile; fileRef = BBEDB0212447BCCA00607B6E /* LaunchScreen.storyboard */; };
		BBEDB02E2447BCCA00607B6E /* jackappTests.swift in Sources */ = {isa = PBXBuildFile; fileRef = BBEDB02D2447BCCA00607B6E /* jackappTests.swift */; };
		BBEDB0392447BCCA00607B6E /* jackappUITests.swift in Sources */ = {isa = PBXBuildFile; fileRef = BBEDB0382447BCCA00607B6E /* jackappUITests.swift */; };
/* End PBXBuildFile section */

/* Begin PBXContainerItemProxy section */
		BBEDB02A2447BCCA00607B6E /* PBXContainerItemProxy */ = {
			isa = PBXContainerItemProxy;
			containerPortal = BBEDB00B2447BCC800607B6E /* Project object */;
			proxyType = 1;
			remoteGlobalIDString = BBEDB0122447BCC800607B6E;
			remoteInfo = jackapp;
		};
		BBEDB0352447BCCA00607B6E /* PBXContainerItemProxy */ = {
			isa = PBXContainerItemProxy;
			containerPortal = BBEDB00B2447BCC800607B6E /* Project object */;
			proxyType = 1;
			remoteGlobalIDString = BBEDB0122447BCC800607B6E;
			remoteInfo = jackapp;
		};
/* End PBXContainerItemProxy section */

/* Begin PBXFileReference section */
		BBEDB0132447BCC800607B6E /* jackapp.app */ = {isa = PBXFileReference; explicitFileType = wrapper.application; includeInIndex = 0; path = jackapp.app; sourceTree = BUILT_PRODUCTS_DIR; };
		BBEDB0162447BCC800607B6E /* AppDelegate.swift */ = {isa = PBXFileReference; lastKnownFileType = sourcecode.swift; path = AppDelegate.swift; sourceTree = "<group>"; };
		BBEDB0182447BCC800607B6E /* SceneDelegate.swift */ = {isa = PBXFileReference; lastKnownFileType = sourcecode.swift; path = SceneDelegate.swift; sourceTree = "<group>"; };
		BBEDB01A2447BCC800607B6E /* ViewController.swift */ = {isa = PBXFileReference; lastKnownFileType = sourcecode.swift; path = ViewController.swift; sourceTree = "<group>"; };
		BBEDB01D2447BCC800607B6E /* Base */ = {isa = PBXFileReference; lastKnownFileType = file.storyboard; name = Base; path = Base.lproj/Main.storyboard; sourceTree = "<group>"; };
		BBEDB01F2447BCCA00607B6E /* Assets.xcassets */ = {isa = PBXFileReference; lastKnownFileType = folder.assetcatalog; path = Assets.xcassets; sourceTree = "<group>"; };
		BBEDB0222447BCCA00607B6E /* Base */ = {isa = PBXFileReference; lastKnownFileType = file.storyboard; name = Base; path = Base.lproj/LaunchScreen.storyboard; sourceTree = "<group>"; };
		BBEDB0242447BCCA00607B6E /* Info.plist */ = {isa = PBXFileReference; lastKnownFileType = text.plist.xml; path = Info.plist; sourceTree = "<group>"; };
		BBEDB0292447BCCA00607B6E /* jackappTests.xctest */ = {isa = PBXFileReference; explicitFileType = wrapper.cfbundle; includeInIndex = 0; path = jackappTests.xctest; sourceTree = BUILT_PRODUCTS_DIR; };
		BBEDB02D2447BCCA00607B6E /* jackappTests.swift */ = {isa = PBXFileReference; lastKnownFileType = sourcecode.swift; path = jackappTests.swift; sourceTree = "<group>"; };
		BBEDB02F2447BCCA00607B6E /* Info.plist */ = {isa = PBXFileReference; lastKnownFileType = text.plist.xml; path = Info.plist; sourceTree = "<group>"; };
		BBEDB0342447BCCA00607B6E /* jackappUITests.xctest */ = {isa = PBXFileReference; explicitFileType = wrapper.cfbundle; includeInIndex = 0; path = jackappUITests.xctest; sourceTree = BUILT_PRODUCTS_DIR; };
		BBEDB0382447BCCA00607B6E /* jackappUITests.swift */ = {isa = PBXFileReference; lastKnownFileType = sourcecode.swift; path = jackappUITests.swift; sourceTree = "<group>"; };
		BBEDB03A2447BCCA00607B6E /* Info.plist */ = {isa = PBXFileReference; lastKnownFileType = text.plist.xml; path = Info.plist; sourceTree = "<group>"; };
/* End PBXFileReference section */

/* Begin PBXFrameworksBuildPhase section */
		BBEDB0102447BCC800607B6E /* Frameworks */ = {
			isa = PBXFrameworksBuildPhase;
			buildActionMask = 2147483647;
			files = (
			);
			runOnlyForDeploymentPostprocessing = 0;
		};
		BBEDB0262447BCCA00607B6E /* Frameworks */ = {
			isa = PBXFrameworksBuildPhase;
			buildActionMask = 2147483647;
			files = (
			);
			runOnlyForDeploymentPostprocessing = 0;
		};
		BBEDB0312447BCCA00607B6E /* Frameworks */ = {
			isa = PBXFrameworksBuildPhase;
			buildActionMask = 2147483647;
			files = (
			);
			runOnlyForDeploymentPostprocessing = 0;
		};
/* End PBXFrameworksBuildPhase section */

/* Begin PBXGroup section */
		BBEDB00A2447BCC800607B6E = {
			isa = PBXGroup;
			children = (
				BBEDB0152447BCC800607B6E /* jackapp */,
				BBEDB02C2447BCCA00607B6E /* jackappTests */,
				BBEDB0372447BCCA00607B6E /* jackappUITests */,
				BBEDB0142447BCC800607B6E /* Products */,
			);
			sourceTree = "<group>";
		};
		BBEDB0142447BCC800607B6E /* Products */ = {
			isa = PBXGroup;
			children = (
				BBEDB0132447BCC800607B6E /* jackapp.app */,
				BBEDB0292447BCCA00607B6E /* jackappTests.xctest */,
				BBEDB0342447BCCA00607B6E /* jackappUITests.xctest */,
			);
			name = Products;
			sourceTree = "<group>";
		};
		BBEDB0152447BCC800607B6E /* jackapp */ = {
			isa = PBXGroup;
			children = (
				BBEDB0162447BCC800607B6E /* AppDelegate.swift */,
				BBEDB0182447BCC800607B6E /* SceneDelegate.swift */,
				BBEDB01A2447BCC800607B6E /* ViewController.swift */,
				BBEDB01C2447BCC800607B6E /* Main.storyboard */,
				BBEDB01F2447BCCA00607B6E /* Assets.xcassets */,
				BBEDB0212447BCCA00607B6E /* LaunchScreen.storyboard */,
				BBEDB0242447BCCA00607B6E /* Info.plist */,
			);
			path = jackapp;
			sourceTree = "<group>";
		};
		BBEDB02C2447BCCA00607B6E /* jackappTests */ = {
			isa = PBXGroup;
			children = (
				BBEDB02D2447BCCA00607B6E /* jackappTests.swift */,
				BBEDB02F2447BCCA00607B6E /* Info.plist */,
			);
			path = jackappTests;
			sourceTree = "<group>";
		};
		BBEDB0372447BCCA00607B6E /* jackappUITests */ = {
			isa = PBXGroup;
			children = (
				BBEDB0382447BCCA00607B6E /* jackappUITests.swift */,
				BBEDB03A2447BCCA00607B6E /* Info.plist */,
			);
			path = jackappUITests;
			sourceTree = "<group>";
		};
/* End PBXGroup section */

/* Begin PBXNativeTarget section */
		BBEDB0122447BCC800607B6E /* jackapp */ = {
			isa = PBXNativeTarget;
			buildConfigurationList = BBEDB03D2447BCCA00607B6E /* Build configuration list for PBXNativeTarget "jackapp" */;
			buildPhases = (
				BBEDB00F2447BCC800607B6E /* Sources */,
				BBEDB0102447BCC800607B6E /* Frameworks */,
				BBEDB0112447BCC800607B6E /* Resources */,
			);
			buildRules = (
			);
			dependencies = (
			);
			name = jackapp;
			productName = jackapp;
			productReference = BBEDB0132447BCC800607B6E /* jackapp.app */;
			productType = "com.apple.product-type.application";
		};
		BBEDB0282447BCCA00607B6E /* jackappTests */ = {
			isa = PBXNativeTarget;
			buildConfigurationList = BBEDB0402447BCCA00607B6E /* Build configuration list for PBXNativeTarget "jackappTests" */;
			buildPhases = (
				BBEDB0252447BCCA00607B6E /* Sources */,
				BBEDB0262447BCCA00607B6E /* Frameworks */,
				BBEDB0272447BCCA00607B6E /* Resources */,
			);
			buildRules = (
			);
			dependencies = (
				BBEDB02B2447BCCA00607B6E /* PBXTargetDependency */,
			);
			name = jackappTests;
			productName = jackappTests;
			productReference = BBEDB0292447BCCA00607B6E /* jackappTests.xctest */;
			productType = "com.apple.product-type.bundle.unit-test";
		};
		BBEDB0332447BCCA00607B6E /* jackappUITests */ = {
			isa = PBXNativeTarget;
			buildConfigurationList = BBEDB0432447BCCA00607B6E /* Build configuration list for PBXNativeTarget "jackappUITests" */;
			buildPhases = (
				BBEDB0302447BCCA00607B6E /* Sources */,
				BBEDB0312447BCCA00607B6E /* Frameworks */,
				BBEDB0322447BCCA00607B6E /* Resources */,
			);
			buildRules = (
			);
			dependencies = (
				BBEDB0362447BCCA00607B6E /* PBXTargetDependency */,
			);
			name = jackappUITests;
			productName = jackappUITests;
			productReference = BBEDB0342447BCCA00607B6E /* jackappUITests.xctest */;
			productType = "com.apple.product-type.bundle.ui-testing";
		};
/* End PBXNativeTarget section */

/* Begin PBXProject section */
		BBEDB00B2447BCC800607B6E /* Project object */ = {
			isa = PBXProject;
			attributes = {
				LastSwiftUpdateCheck = 1130;
				LastUpgradeCheck = 1130;
				ORGANIZATIONNAME = "Jack Sullivan";
				TargetAttributes = {
					BBEDB0122447BCC800607B6E = {
						CreatedOnToolsVersion = 11.3.1;
					};
					BBEDB0282447BCCA00607B6E = {
						CreatedOnToolsVersion = 11.3.1;
						TestTargetID = BBEDB0122447BCC800607B6E;
					};
					BBEDB0332447BCCA00607B6E = {
						CreatedOnToolsVersion = 11.3.1;
						TestTargetID = BBEDB0122447BCC800607B6E;
					};
				};
			};
			buildConfigurationList = BBEDB00E2447BCC800607B6E /* Build configuration list for PBXProject "jackapp" */;
			compatibilityVersion = "Xcode 9.3";
			developmentRegion = en;
			hasScannedForEncodings = 0;
			knownRegions = (
				en,
				Base,
			);
			mainGroup = BBEDB00A2447BCC800607B6E;
			productRefGroup = BBEDB0142447BCC800607B6E /* Products */;
			projectDirPath = "";
			projectRoot = "";
			targets = (
				BBEDB0122447BCC800607B6E /* jackapp */,
				BBEDB0282447BCCA00607B6E /* jackappTests */,
				BBEDB0332447BCCA00607B6E /* jackappUITests */,
			);
		};
/* End PBXProject section */

/* Begin PBXResourcesBuildPhase section */
		BBEDB0112447BCC800607B6E /* Resources */ = {
			isa = PBXResourcesBuildPhase;
			buildActionMask = 2147483647;
			files = (
				BBEDB0232447BCCA00607B6E /* LaunchScreen.storyboard in Resources */,
				BBEDB0202447BCCA00607B6E /* Assets.xcassets in Resources */,
				BBEDB01E2447BCC800607B6E /* Main.storyboard in Resources */,
			);
			runOnlyForDeploymentPostprocessing = 0;
		};
		BBEDB0272447BCCA00607B6E /* Resources */ = {
			isa = PBXResourcesBuildPhase;
			buildActionMask = 2147483647;
			files = (
			);
			runOnlyForDeploymentPostprocessing = 0;
		};
		BBEDB0322447BCCA00607B6E /* Resources */ = {
			isa = PBXResourcesBuildPhase;
			buildActionMask = 2147483647;
			files = (
			);
			runOnlyForDeploymentPostprocessing = 0;
		};
/* End PBXResourcesBuildPhase section */

/* Begin PBXSourcesBuildPhase section */
		BBEDB00F2447BCC800607B6E /* Sources */ = {
			isa = PBXSourcesBuildPhase;
			buildActionMask = 2147483647;
			files = (
				BBEDB01B2447BCC800607B6E /* ViewController.swift in Sources */,
				BBEDB0172447BCC800607B6E /* AppDelegate.swift in Sources */,
				BBEDB0192447BCC800607B6E /* SceneDelegate.swift in Sources */,
			);
			runOnlyForDeploymentPostprocessing = 0;
		};
		BBEDB0252447BCCA00607B6E /* Sources */ = {
			isa = PBXSourcesBuildPhase;
			buildActionMask = 2147483647;
			files = (
				BBEDB02E2447BCCA00607B6E /* jackappTests.swift in Sources */,
			);
			runOnlyForDeploymentPostprocessing = 0;
		};
		BBEDB0302447BCCA00607B6E /* Sources */ = {
			isa = PBXSourcesBuildPhase;
			buildActionMask = 2147483647;
			files = (
				BBEDB0392447BCCA00607B6E /* jackappUITests.swift in Sources */,
			);
			runOnlyForDeploymentPostprocessing = 0;
		};
/* End PBXSourcesBuildPhase section */

/* Begin PBXTargetDependency section */
		BBEDB02B2447BCCA00607B6E /* PBXTargetDependency */ = {
			isa = PBXTargetDependency;
			target = BBEDB0122447BCC800607B6E /* jackapp */;
			targetProxy = BBEDB02A2447BCCA00607B6E /* PBXContainerItemProxy */;
		};
		BBEDB0362447BCCA00607B6E /* PBXTargetDependency */ = {
			isa = PBXTargetDependency;
			target = BBEDB0122447BCC800607B6E /* jackapp */;
			targetProxy = BBEDB0352447BCCA00607B6E /* PBXContainerItemProxy */;
		};
/* End PBXTargetDependency section */

/* Begin PBXVariantGroup section */
		BBEDB01C2447BCC800607B6E /* Main.storyboard */ = {
			isa = PBXVariantGroup;
			children = (
				BBEDB01D2447BCC800607B6E /* Base */,
			);
			name = Main.storyboard;
			sourceTree = "<group>";
		};
		BBEDB0212447BCCA00607B6E /* LaunchScreen.storyboard */ = {
			isa = PBXVariantGroup;
			children = (
				BBEDB0222447BCCA00607B6E /* Base */,
			);
			name = LaunchScreen.storyboard;
			sourceTree = "<group>";
		};
/* End PBXVariantGroup section */

/* Begin XCBuildConfiguration section */
		BBEDB03B2447BCCA00607B6E /* Debug */ = {
			isa = XCBuildConfiguration;
			buildSettings = {
				ALWAYS_SEARCH_USER_PATHS = NO;
				CLANG_ANALYZER_NONNULL = YES;
				CLANG_ANALYZER_NUMBER_OBJECT_CONVERSION = YES_AGGRESSIVE;
				CLANG_CXX_LANGUAGE_STANDARD = "gnu++14";
				CLANG_CXX_LIBRARY = "libc++";
				CLANG_ENABLE_MODULES = YES;
				CLANG_ENABLE_OBJC_ARC = YES;
				CLANG_ENABLE_OBJC_WEAK = YES;
				CLANG_WARN_BLOCK_CAPTURE_AUTORELEASING = YES;
				CLANG_WARN_BOOL_CONVERSION = YES;
				CLANG_WARN_COMMA = YES;
				CLANG_WARN_CONSTANT_CONVERSION = YES;
				CLANG_WARN_DEPRECATED_OBJC_IMPLEMENTATIONS = YES;
				CLANG_WARN_DIRECT_OBJC_ISA_USAGE = YES_ERROR;
				CLANG_WARN_DOCUMENTATION_COMMENTS = YES;
				CLANG_WARN_EMPTY_BODY = YES;
				CLANG_WARN_ENUM_CONVERSION = YES;
				CLANG_WARN_INFINITE_RECURSION = YES;
				CLANG_WARN_INT_CONVERSION = YES;
				CLANG_WARN_NON_LITERAL_NULL_CONVERSION = YES;
				CLANG_WARN_OBJC_IMPLICIT_RETAIN_SELF = YES;
				CLANG_WARN_OBJC_LITERAL_CONVERSION = YES;
				CLANG_WARN_OBJC_ROOT_CLASS = YES_ERROR;
				CLANG_WARN_RANGE_LOOP_ANALYSIS = YES;
				CLANG_WARN_STRICT_PROTOTYPES = YES;
				CLANG_WARN_SUSPICIOUS_MOVE = YES;
				CLANG_WARN_UNGUARDED_AVAILABILITY = YES_AGGRESSIVE;
				CLANG_WARN_UNREACHABLE_CODE = YES;
				CLANG_WARN__DUPLICATE_METHOD_MATCH = YES;
				COPY_PHASE_STRIP = NO;
				DEBUG_INFORMATION_FORMAT = dwarf;
				ENABLE_STRICT_OBJC_MSGSEND = YES;
				ENABLE_TESTABILITY = YES;
				GCC_C_LANGUAGE_STANDARD = gnu11;
				GCC_DYNAMIC_NO_PIC = NO;
				GCC_NO_COMMON_BLOCKS = YES;
				GCC_OPTIMIZATION_LEVEL = 0;
				GCC_PREPROCESSOR_DEFINITIONS = (
					"DEBUG=1",
					"$(inherited)",
				);
				GCC_WARN_64_TO_32_BIT_CONVERSION = YES;
				GCC_WARN_ABOUT_RETURN_TYPE = YES_ERROR;
				GCC_WARN_UNDECLARED_SELECTOR = YES;
				GCC_WARN_UNINITIALIZED_AUTOS = YES_AGGRESSIVE;
				GCC_WARN_UNUSED_FUNCTION = YES;
				GCC_WARN_UNUSED_VARIABLE = YES;
				IPHONEOS_DEPLOYMENT_TARGET = 13.2;
				MTL_ENABLE_DEBUG_INFO = INCLUDE_SOURCE;
				MTL_FAST_MATH = YES;
				ONLY_ACTIVE_ARCH = YES;
				SDKROOT = iphoneos;
				SWIFT_ACTIVE_COMPILATION_CONDITIONS = DEBUG;
				SWIFT_OPTIMIZATION_LEVEL = "-Onone";
			};
			name = Debug;
		};
		BBEDB03C2447BCCA00607B6E /* Release */ = {
			isa = XCBuildConfiguration;
			buildSettings = {
				ALWAYS_SEARCH_USER_PATHS = NO;
				CLANG_ANALYZER_NONNULL = YES;
				CLANG_ANALYZER_NUMBER_OBJECT_CONVERSION = YES_AGGRESSIVE;
				CLANG_CXX_LANGUAGE_STANDARD = "gnu++14";
				CLANG_CXX_LIBRARY = "libc++";
				CLANG_ENABLE_MODULES = YES;
				CLANG_ENABLE_OBJC_ARC = YES;
				CLANG_ENABLE_OBJC_WEAK = YES;
				CLANG_WARN_BLOCK_CAPTURE_AUTORELEASING = YES;
				CLANG_WARN_BOOL_CONVERSION = YES;
				CLANG_WARN_COMMA = YES;
				CLANG_WARN_CONSTANT_CONVERSION = YES;
				CLANG_WARN_DEPRECATED_OBJC_IMPLEMENTATIONS = YES;
				CLANG_WARN_DIRECT_OBJC_ISA_USAGE = YES_ERROR;
				CLANG_WARN_DOCUMENTATION_COMMENTS = YES;
				CLANG_WARN_EMPTY_BODY = YES;
				CLANG_WARN_ENUM_CONVERSION = YES;
				CLANG_WARN_INFINITE_RECURSION = YES;
				CLANG_WARN_INT_CONVERSION = YES;
				CLANG_WARN_NON_LITERAL_NULL_CONVERSION = YES;
				CLANG_WARN_OBJC_IMPLICIT_RETAIN_SELF = YES;
				CLANG_WARN_OBJC_LITERAL_CONVERSION = YES;
				CLANG_WARN_OBJC_ROOT_CLASS = YES_ERROR;
				CLANG_WARN_RANGE_LOOP_ANALYSIS = YES;
				CLANG_WARN_STRICT_PROTOTYPES = YES;
				CLANG_WARN_SUSPICIOUS_MOVE = YES;
				CLANG_WARN_UNGUARDED_AVAILABILITY = YES_AGGRESSIVE;
				CLANG_WARN_UNREACHABLE_CODE = YES;
				CLANG_WARN__DUPLICATE_METHOD_MATCH = YES;
				COPY_PHASE_STRIP = NO;
				DEBUG_INFORMATION_FORMAT = "dwarf-with-dsym";
				ENABLE_NS_ASSERTIONS = NO;
				ENABLE_STRICT_OBJC_MSGSEND = YES;
				GCC_C_LANGUAGE_STANDARD = gnu11;
				GCC_NO_COMMON_BLOCKS = YES;
				GCC_WARN_64_TO_32_BIT_CONVERSION = YES;
				GCC_WARN_ABOUT_RETURN_TYPE = YES_ERROR;
				GCC_WARN_UNDECLARED_SELECTOR = YES;
				GCC_WARN_UNINITIALIZED_AUTOS = YES_AGGRESSIVE;
				GCC_WARN_UNUSED_FUNCTION = YES;
				GCC_WARN_UNUSED_VARIABLE = YES;
				IPHONEOS_DEPLOYMENT_TARGET = 13.2;
				MTL_ENABLE_DEBUG_INFO = NO;
				MTL_FAST_MATH = YES;
				SDKROOT = iphoneos;
				SWIFT_COMPILATION_MODE = wholemodule;
				SWIFT_OPTIMIZATION_LEVEL = "-O";
				VALIDATE_PRODUCT = YES;
			};
			name = Release;
		};
		BBEDB03E2447BCCA00607B6E /* Debug */ = {
			isa = XCBuildConfiguration;
			buildSettings = {
				ASSETCATALOG_COMPILER_APPICON_NAME = AppIcon;
				CODE_SIGN_STYLE = Automatic;
				INFOPLIST_FILE = jackapp/Info.plist;
				LD_RUNPATH_SEARCH_PATHS = (
					"$(inherited)",
					"@executable_path/Frameworks",
				);
				PRODUCT_BUNDLE_IDENTIFIER = se.jackapp;
				PRODUCT_NAME = "$(TARGET_NAME)";
				SWIFT_VERSION = 5.0;
				TARGETED_DEVICE_FAMILY = "1,2";
			};
			name = Debug;
		};
		BBEDB03F2447BCCA00607B6E /* Release */ = {
			isa = XCBuildConfiguration;
			buildSettings = {
				ASSETCATALOG_COMPILER_APPICON_NAME = AppIcon;
				CODE_SIGN_STYLE = Automatic;
				INFOPLIST_FILE = jackapp/Info.plist;
				LD_RUNPATH_SEARCH_PATHS = (
					"$(inherited)",
					"@executable_path/Frameworks",
				);
				PRODUCT_BUNDLE_IDENTIFIER = se.jackapp;
				PRODUCT_NAME = "$(TARGET_NAME)";
				SWIFT_VERSION = 5.0;
				TARGETED_DEVICE_FAMILY = "1,2";
			};
			name = Release;
		};
		BBEDB0412447BCCA00607B6E /* Debug */ = {
			isa = XCBuildConfiguration;
			buildSettings = {
				ALWAYS_EMBED_SWIFT_STANDARD_LIBRARIES = YES;
				BUNDLE_LOADER = "$(TEST_HOST)";
				CODE_SIGN_STYLE = Automatic;
				INFOPLIST_FILE = jackappTests/Info.plist;
				IPHONEOS_DEPLOYMENT_TARGET = 13.2;
				LD_RUNPATH_SEARCH_PATHS = (
					"$(inherited)",
					"@executable_path/Frameworks",
					"@loader_path/Frameworks",
				);
				PRODUCT_BUNDLE_IDENTIFIER = se.jackappTests;
				PRODUCT_NAME = "$(TARGET_NAME)";
				SWIFT_VERSION = 5.0;
				TARGETED_DEVICE_FAMILY = "1,2";
				TEST_HOST = "$(BUILT_PRODUCTS_DIR)/jackapp.app/jackapp";
			};
			name = Debug;
		};
		BBEDB0422447BCCA00607B6E /* Release */ = {
			isa = XCBuildConfiguration;
			buildSettings = {
				ALWAYS_EMBED_SWIFT_STANDARD_LIBRARIES = YES;
				BUNDLE_LOADER = "$(TEST_HOST)";
				CODE_SIGN_STYLE = Automatic;
				INFOPLIST_FILE = jackappTests/Info.plist;
				IPHONEOS_DEPLOYMENT_TARGET = 13.2;
				LD_RUNPATH_SEARCH_PATHS = (
					"$(inherited)",
					"@executable_path/Frameworks",
					"@loader_path/Frameworks",
				);
				PRODUCT_BUNDLE_IDENTIFIER = se.jackappTests;
				PRODUCT_NAME = "$(TARGET_NAME)";
				SWIFT_VERSION = 5.0;
				TARGETED_DEVICE_FAMILY = "1,2";
				TEST_HOST = "$(BUILT_PRODUCTS_DIR)/jackapp.app/jackapp";
			};
			name = Release;
		};
		BBEDB0442447BCCA00607B6E /* Debug */ = {
			isa = XCBuildConfiguration;
			buildSettings = {
				ALWAYS_EMBED_SWIFT_STANDARD_LIBRARIES = YES;
				CODE_SIGN_STYLE = Automatic;
				INFOPLIST_FILE = jackappUITests/Info.plist;
				LD_RUNPATH_SEARCH_PATHS = (
					"$(inherited)",
					"@executable_path/Frameworks",
					"@loader_path/Frameworks",
				);
				PRODUCT_BUNDLE_IDENTIFIER = se.jackappUITests;
				PRODUCT_NAME = "$(TARGET_NAME)";
				SWIFT_VERSION = 5.0;
				TARGETED_DEVICE_FAMILY = "1,2";
				TEST_TARGET_NAME = jackapp;
			};
			name = Debug;
		};
		BBEDB0452447BCCA00607B6E /* Release */ = {
			isa = XCBuildConfiguration;
			buildSettings = {
				ALWAYS_EMBED_SWIFT_STANDARD_LIBRARIES = YES;
				CODE_SIGN_STYLE = Automatic;
				INFOPLIST_FILE = jackappUITests/Info.plist;
				LD_RUNPATH_SEARCH_PATHS = (
					"$(inherited)",
					"@executable_path/Frameworks",
					"@loader_path/Frameworks",
				);
				PRODUCT_BUNDLE_IDENTIFIER = se.jackappUITests;
				PRODUCT_NAME = "$(TARGET_NAME)";
				SWIFT_VERSION = 5.0;
				TARGETED_DEVICE_FAMILY = "1,2";
				TEST_TARGET_NAME = jackapp;
			};
			name = Release;
		};
/* End XCBuildConfiguration section */

/* Begin XCConfigurationList section */
		BBEDB00E2447BCC800607B6E /* Build configuration list for PBXProject "jackapp" */ = {
			isa = XCConfigurationList;
			buildConfigurations = (
				BBEDB03B2447BCCA00607B6E /* Debug */,
				BBEDB03C2447BCCA00607B6E /* Release */,
			);
			defaultConfigurationIsVisible = 0;
			defaultConfigurationName = Release;
		};
		BBEDB03D2447BCCA00607B6E /* Build configuration list for PBXNativeTarget "jackapp" */ = {
			isa = XCConfigurationList;
			buildConfigurations = (
				BBEDB03E2447BCCA00607B6E /* Debug */,
				BBEDB03F2447BCCA00607B6E /* Release */,
			);
			defaultConfigurationIsVisible = 0;
			defaultConfigurationName = Release;
		};
		BBEDB0402447BCCA00607B6E /* Build configuration list for PBXNativeTarget "jackappTests" */ = {
			isa = XCConfigurationList;
			buildConfigurations = (
				BBEDB0412447BCCA00607B6E /* Debug */,
				BBEDB0422447BCCA00607B6E /* Release */,
			);
			defaultConfigurationIsVisible = 0;
			defaultConfigurationName = Release;
		};
		BBEDB0432447BCCA00607B6E /* Build configuration list for PBXNativeTarget "jackappUITests" */ = {
			isa = XCConfigurationList;
			buildConfigurations = (
				BBEDB0442447BCCA00607B6E /* Debug */,
				BBEDB0452447BCCA00607B6E /* Release */,
			);
			defaultConfigurationIsVisible = 0;
			defaultConfigurationName = Release;
		};
/* End XCConfigurationList section */
	};
	rootObject = BBEDB00B2447BCC800607B6E /* Project object */;
}
